{
  "version": 4,
  "terraform_version": "1.9.7",
  "serial": 12,
  "lineage": "e49050e9-5618-5225-f664-87474aad7082",
  "outputs": {
    "ec2_public_ip": {
      "value": "13.212.58.230",
      "type": "string"
    },
    "instance_id": {
      "value": "i-098aae0b2a9598325",
      "type": "string"
    }
  },
  "resources": [
    {
      "mode": "data",
      "type": "terraform_remote_state",
      "name": "vpc",
      "provider": "provider[\"terraform.io/builtin/terraform\"]",
      "instances": [
        {
          "schema_version": 0,
          "attributes": {
            "backend": "local",
            "config": {
              "value": {
                "path": "../vpc/terraform.tfstate"
              },
              "type": [
                "object",
                {
                  "path": "string"
                }
              ]
            },
            "defaults": null,
            "outputs": {
              "value": {
                "nat_gateway_id": "nat-019abaf97f9daef99",
                "private_subnet_id": "subnet-0ee08ec9761acddbb",
                "public_subnet_id": "subnet-0dac68b054577f1c3",
                "public_subnet_id2": "subnet-07ea2d7ce1bc185fb",
                "security_group_id": "sg-0c8dd1a8a0940657f",
                "security_group_id-rds": {
                  "arn": "arn:aws:ec2:ap-southeast-1:779846819343:security-group/sg-02d3b72d97c2026be",
                  "description": "Allow inbound traffic for EC2 instances",
                  "egress": [
                    {
                      "cidr_blocks": [
                        "0.0.0.0/0"
                      ],
                      "description": "",
                      "from_port": 0,
                      "ipv6_cidr_blocks": [],
                      "prefix_list_ids": [],
                      "protocol": "-1",
                      "security_groups": [],
                      "self": false,
                      "to_port": 0
                    }
                  ],
                  "id": "sg-02d3b72d97c2026be",
                  "ingress": [
                    {
                      "cidr_blocks": [
                        "0.0.0.0/0"
                      ],
                      "description": "",
                      "from_port": 3306,
                      "ipv6_cidr_blocks": [],
                      "prefix_list_ids": [],
                      "protocol": "tcp",
                      "security_groups": [],
                      "self": false,
                      "to_port": 3306
                    }
                  ],
                  "name": "main-sg-rds",
                  "name_prefix": "",
                  "owner_id": "779846819343",
                  "revoke_rules_on_delete": false,
                  "tags": {
                    "Name": "MainSG-rds"
                  },
                  "tags_all": {
                    "Name": "MainSG-rds"
                  },
                  "timeouts": null,
                  "vpc_id": "vpc-02f35ae98fb7ecdda"
                },
                "vpc_id": "vpc-02f35ae98fb7ecdda"
              },
              "type": [
                "object",
                {
                  "nat_gateway_id": "string",
                  "private_subnet_id": "string",
                  "public_subnet_id": "string",
                  "public_subnet_id2": "string",
                  "security_group_id": "string",
                  "security_group_id-rds": [
                    "object",
                    {
                      "arn": "string",
                      "description": "string",
                      "egress": [
                        "set",
                        [
                          "object",
                          {
                            "cidr_blocks": [
                              "list",
                              "string"
                            ],
                            "description": "string",
                            "from_port": "number",
                            "ipv6_cidr_blocks": [
                              "list",
                              "string"
                            ],
                            "prefix_list_ids": [
                              "list",
                              "string"
                            ],
                            "protocol": "string",
                            "security_groups": [
                              "set",
                              "string"
                            ],
                            "self": "bool",
                            "to_port": "number"
                          }
                        ]
                      ],
                      "id": "string",
                      "ingress": [
                        "set",
                        [
                          "object",
                          {
                            "cidr_blocks": [
                              "list",
                              "string"
                            ],
                            "description": "string",
                            "from_port": "number",
                            "ipv6_cidr_blocks": [
                              "list",
                              "string"
                            ],
                            "prefix_list_ids": [
                              "list",
                              "string"
                            ],
                            "protocol": "string",
                            "security_groups": [
                              "set",
                              "string"
                            ],
                            "self": "bool",
                            "to_port": "number"
                          }
                        ]
                      ],
                      "name": "string",
                      "name_prefix": "string",
                      "owner_id": "string",
                      "revoke_rules_on_delete": "bool",
                      "tags": [
                        "map",
                        "string"
                      ],
                      "tags_all": [
                        "map",
                        "string"
                      ],
                      "timeouts": [
                        "object",
                        {
                          "create": "string",
                          "delete": "string"
                        }
                      ],
                      "vpc_id": "string"
                    }
                  ],
                  "vpc_id": "string"
                }
              ]
            },
            "workspace": null
          },
          "sensitive_attributes": []
        }
      ]
    },
    {
      "mode": "managed",
      "type": "aws_instance",
      "name": "example",
      "provider": "provider[\"registry.terraform.io/hashicorp/aws\"].target_account",
      "instances": [
        {
          "schema_version": 1,
          "attributes": {
            "ami": "ami-07c9c7aaab42cba5a",
            "arn": "arn:aws:ec2:ap-southeast-1:779846819343:instance/i-098aae0b2a9598325",
            "associate_public_ip_address": true,
            "availability_zone": "ap-southeast-1a",
            "capacity_reservation_specification": [
              {
                "capacity_reservation_preference": "open",
                "capacity_reservation_target": []
              }
            ],
            "cpu_core_count": 1,
            "cpu_options": [
              {
                "amd_sev_snp": "",
                "core_count": 1,
                "threads_per_core": 1
              }
            ],
            "cpu_threads_per_core": 1,
            "credit_specification": [
              {
                "cpu_credits": "standard"
              }
            ],
            "disable_api_stop": false,
            "disable_api_termination": false,
            "ebs_block_device": [],
            "ebs_optimized": false,
            "enclave_options": [
              {
                "enabled": false
              }
            ],
            "ephemeral_block_device": [],
            "get_password_data": false,
            "hibernation": false,
            "host_id": "",
            "host_resource_group_arn": null,
            "iam_instance_profile": "",
            "id": "i-098aae0b2a9598325",
            "instance_initiated_shutdown_behavior": "stop",
            "instance_lifecycle": "",
            "instance_market_options": [],
            "instance_state": "running",
            "instance_type": "t2.micro",
            "ipv6_address_count": 0,
            "ipv6_addresses": [],
            "key_name": "ec2-access",
            "launch_template": [],
            "maintenance_options": [
              {
                "auto_recovery": "default"
              }
            ],
            "metadata_options": [
              {
                "http_endpoint": "enabled",
                "http_protocol_ipv6": "disabled",
                "http_put_response_hop_limit": 2,
                "http_tokens": "required",
                "instance_metadata_tags": "disabled"
              }
            ],
            "monitoring": false,
            "network_interface": [],
            "outpost_arn": "",
            "password_data": "",
            "placement_group": "",
            "placement_partition_number": 0,
            "primary_network_interface_id": "eni-00b21eb86a3d31e43",
            "private_dns": "ip-172-16-1-233.ap-southeast-1.compute.internal",
            "private_dns_name_options": [
              {
                "enable_resource_name_dns_a_record": false,
                "enable_resource_name_dns_aaaa_record": false,
                "hostname_type": "ip-name"
              }
            ],
            "private_ip": "172.16.1.233",
            "public_dns": "ec2-13-212-58-230.ap-southeast-1.compute.amazonaws.com",
            "public_ip": "13.212.58.230",
            "root_block_device": [
              {
                "delete_on_termination": true,
                "device_name": "/dev/xvda",
                "encrypted": false,
                "iops": 3000,
                "kms_key_id": "",
                "tags": {},
                "tags_all": {},
                "throughput": 125,
                "volume_id": "vol-06f31d1289f208e6a",
                "volume_size": 8,
                "volume_type": "gp3"
              }
            ],
            "secondary_private_ips": [],
            "security_groups": [],
            "source_dest_check": true,
            "spot_instance_request_id": "",
            "subnet_id": "subnet-0dac68b054577f1c3",
            "tags": {
              "Name": "EC2-Linux"
            },
            "tags_all": {
              "Name": "EC2-Linux"
            },
            "tenancy": "default",
            "timeouts": null,
            "user_data": null,
            "user_data_base64": null,
            "user_data_replace_on_change": false,
            "volume_tags": null,
            "vpc_security_group_ids": [
              "sg-0c8dd1a8a0940657f"
            ]
          },
          "sensitive_attributes": [],
          "private": "eyJlMmJmYjczMC1lY2FhLTExZTYtOGY4OC0zNDM2M2JjN2M0YzAiOnsiY3JlYXRlIjo2MDAwMDAwMDAwMDAsImRlbGV0ZSI6MTIwMDAwMDAwMDAwMCwicmVhZCI6OTAwMDAwMDAwMDAwLCJ1cGRhdGUiOjYwMDAwMDAwMDAwMH0sInNjaGVtYV92ZXJzaW9uIjoiMSJ9",
          "dependencies": [
            "data.terraform_remote_state.vpc"
          ]
        }
      ]
    }
  ],
  "check_results": null
}
